
Microsoft Visual Studio Solution File, Format Version 12.00
# Visual Studio 15
VisualStudioVersion = 15.0.27130.2010
MinimumVisualStudioVersion = 10.0.40219.1
Project("{FAE04EC0-301F-11D3-BF4B-00C04F79EFBC}") = "MoveListItems", "MoveListItems\MoveListItems.csproj", "{D02809FA-7536-4CB0-8F16-87AF31F42AE7}"
EndProject
Global
	GlobalSection(SolutionConfigurationPlatforms) = preSolution
		Debug|Any CPU = Debug|Any CPU
		Release|Any CPU = Release|Any CPU
	EndGlobalSection
	GlobalSection(ProjectConfigurationPlatforms) = postSolution
		{D02809FA-7536-4CB0-8F16-87AF31F42AE7}.Debug|Any CPU.ActiveCfg = Debug|Any CPU
		{D02809FA-7536-4CB0-8F16-87AF31F42AE7}.Debug|Any CPU.Build.0 = Debug|Any CPU
		{D02809FA-7536-4CB0-8F16-87AF31F42AE7}.Release|Any CPU.ActiveCfg = Release|Any CPU
		{D02809FA-7536-4CB0-8F16-87AF31F42AE7}.Release|Any CPU.Build.0 = Release|Any CPU
	EndGlobalSection
	GlobalSection(SolutionProperties) = preSolution
		HideSolutionNode = FALSE
	EndGlobalSection
	GlobalSection(ExtensibilityGlobals) = postSolution
		SolutionGuid = {08A6F823-C7A2-42DC-B2C2-55BD4408049C}
	EndGlobalSection
EndGlobal
